// !$*UTF8*$!
{
	archiveVersion = 1;
	classes = {
	};
	objectVersion = 55;
	objects = {

/* Begin PBXBuildFile section */
		2A9CE04B285ACBEA00C77FAB /* EventSearch.swift in Sources */ = {isa = PBXBuildFile; fileRef = 2A9CE04A285ACBEA00C77FAB /* EventSearch.swift */; };
		2A9CE04D285ACC1800C77FAB /* EventSearchView.swift in Sources */ = {isa = PBXBuildFile; fileRef = 2A9CE04C285ACC1800C77FAB /* EventSearchView.swift */; };
		2AADCEB628585CA600469E6F /* UserInfo.swift in Sources */ = {isa = PBXBuildFile; fileRef = 2AADCEB528585CA600469E6F /* UserInfo.swift */; };
		2AEF3D5428557293008E68DB /* ClassProtocols.swift in Sources */ = {isa = PBXBuildFile; fileRef = 2AEF3D5328557293008E68DB /* ClassProtocols.swift */; };
		7A0F9BAC2851294F00D1C170 /* .gitignore in Resources */ = {isa = PBXBuildFile; fileRef = 7A0F9BAB2851294F00D1C170 /* .gitignore */; };
		7A0F9BAE2851299800D1C170 /* .gitattributes in Resources */ = {isa = PBXBuildFile; fileRef = 7A0F9BAD2851299800D1C170 /* .gitattributes */; };
		7A6955F4285746F900B62BED /* ListEventsView.swift in Sources */ = {isa = PBXBuildFile; fileRef = 7A6955F3285746F900B62BED /* ListEventsView.swift */; };
		7A6955F6285747F900B62BED /* VolunteerMenuView.swift in Sources */ = {isa = PBXBuildFile; fileRef = 7A6955F5285747F900B62BED /* VolunteerMenuView.swift */; };
		7A1F56D12857EB1A00033FCC /* AccountInfoClass.swift in Sources */ = {isa = PBXBuildFile; fileRef = 7A1F56D02857EB1A00033FCC /* AccountInfoClass.swift */; };
		7A1F56D328582E0900033FCC /* ListEventsClass.swift in Sources */ = {isa = PBXBuildFile; fileRef = 7A1F56D228582E0900033FCC /* ListEventsClass.swift */; };
		7A1F56D72858304400033FCC /* EventInfo.swift in Sources */ = {isa = PBXBuildFile; fileRef = 7A1F56D62858304400033FCC /* EventInfo.swift */; };
		7AD338F6285122B100C32976 /* Volunteer_Sign_UpApp.swift in Sources */ = {isa = PBXBuildFile; fileRef = 7AD338F5285122B100C32976 /* Volunteer_Sign_UpApp.swift */; };
		7AD338F8285122B100C32976 /* ContentView.swift in Sources */ = {isa = PBXBuildFile; fileRef = 7AD338F7285122B100C32976 /* ContentView.swift */; };
		7AD338FA285122B200C32976 /* Assets.xcassets in Resources */ = {isa = PBXBuildFile; fileRef = 7AD338F9285122B200C32976 /* Assets.xcassets */; };
		7AD338FD285122B200C32976 /* Preview Assets.xcassets in Resources */ = {isa = PBXBuildFile; fileRef = 7AD338FC285122B200C32976 /* Preview Assets.xcassets */; };
		7AD33907285122B300C32976 /* Volunteer_Sign_UpTests.swift in Sources */ = {isa = PBXBuildFile; fileRef = 7AD33906285122B300C32976 /* Volunteer_Sign_UpTests.swift */; };
		7AD33911285122B300C32976 /* Volunteer_Sign_UpUITests.swift in Sources */ = {isa = PBXBuildFile; fileRef = 7AD33910285122B300C32976 /* Volunteer_Sign_UpUITests.swift */; };
		7AD33913285122B300C32976 /* Volunteer_Sign_UpUITestsLaunchTests.swift in Sources */ = {isa = PBXBuildFile; fileRef = 7AD33912285122B300C32976 /* Volunteer_Sign_UpUITestsLaunchTests.swift */; };
		7AD3532E2857EDEC00285730 /* ListEvents.swift in Sources */ = {isa = PBXBuildFile; fileRef = 7AD3532D2857EDEC00285730 /* ListEvents.swift */; };
		7AD353302857F87600285730 /* HomeView.swift in Sources */ = {isa = PBXBuildFile; fileRef = 7AD3532F2857F87600285730 /* HomeView.swift */; };
		7AD844E52855649F0024867B /* CreateAccountView.swift in Sources */ = {isa = PBXBuildFile; fileRef = 7AD844E42855649F0024867B /* CreateAccountView.swift */; };
		7AFE8197285ACFE900CD24FE /* MyAccountClass.swift in Sources */ = {isa = PBXBuildFile; fileRef = 7AFE8196285ACFE900CD24FE /* MyAccountClass.swift */; };
/* End PBXBuildFile section */

/* Begin PBXContainerItemProxy section */
		7AD33903285122B300C32976 /* PBXContainerItemProxy */ = {
			isa = PBXContainerItemProxy;
			containerPortal = 7AD338EA285122B100C32976 /* Project object */;
			proxyType = 1;
			remoteGlobalIDString = 7AD338F1285122B100C32976;
			remoteInfo = "Volunteer Sign-Up";
		};
		7AD3390D285122B300C32976 /* PBXContainerItemProxy */ = {
			isa = PBXContainerItemProxy;
			containerPortal = 7AD338EA285122B100C32976 /* Project object */;
			proxyType = 1;
			remoteGlobalIDString = 7AD338F1285122B100C32976;
			remoteInfo = "Volunteer Sign-Up";
		};
/* End PBXContainerItemProxy section */

/* Begin PBXFileReference section */
		2A9CE04A285ACBEA00C77FAB /* EventSearch.swift */ = {isa = PBXFileReference; lastKnownFileType = sourcecode.swift; path = EventSearch.swift; sourceTree = "<group>"; };
		2A9CE04C285ACC1800C77FAB /* EventSearchView.swift */ = {isa = PBXFileReference; lastKnownFileType = sourcecode.swift; path = EventSearchView.swift; sourceTree = "<group>"; };
		2AADCEB528585CA600469E6F /* UserInfo.swift */ = {isa = PBXFileReference; lastKnownFileType = sourcecode.swift; path = UserInfo.swift; sourceTree = "<group>"; };
		2AEF3D5328557293008E68DB /* ClassProtocols.swift */ = {isa = PBXFileReference; lastKnownFileType = sourcecode.swift; path = ClassProtocols.swift; sourceTree = "<group>"; };
		7A0F9BAB2851294F00D1C170 /* .gitignore */ = {isa = PBXFileReference; lastKnownFileType = text; path = .gitignore; sourceTree = "<group>"; };
		7A0F9BAD2851299800D1C170 /* .gitattributes */ = {isa = PBXFileReference; lastKnownFileType = text; path = .gitattributes; sourceTree = "<group>"; };
		7A6955F3285746F900B62BED /* ListEventsView.swift */ = {isa = PBXFileReference; lastKnownFileType = sourcecode.swift; path = ListEventsView.swift; sourceTree = "<group>"; };
		7A6955F5285747F900B62BED /* VolunteerMenuView.swift */ = {isa = PBXFileReference; lastKnownFileType = sourcecode.swift; path = VolunteerMenuView.swift; sourceTree = "<group>"; };
		7A1F56D02857EB1A00033FCC /* AccountInfoClass.swift */ = {isa = PBXFileReference; lastKnownFileType = sourcecode.swift; path = AccountInfoClass.swift; sourceTree = "<group>"; };
		7A1F56D228582E0900033FCC /* ListEventsClass.swift */ = {isa = PBXFileReference; lastKnownFileType = sourcecode.swift; path = ListEventsClass.swift; sourceTree = "<group>"; };
		7A1F56D62858304400033FCC /* EventInfo.swift */ = {isa = PBXFileReference; lastKnownFileType = sourcecode.swift; path = EventInfo.swift; sourceTree = "<group>"; };
		7AD338F2285122B100C32976 /* Volunteer Sign-Up.app */ = {isa = PBXFileReference; explicitFileType = wrapper.application; includeInIndex = 0; path = "Volunteer Sign-Up.app"; sourceTree = BUILT_PRODUCTS_DIR; };
		7AD338F5285122B100C32976 /* Volunteer_Sign_UpApp.swift */ = {isa = PBXFileReference; lastKnownFileType = sourcecode.swift; path = Volunteer_Sign_UpApp.swift; sourceTree = "<group>"; };
		7AD338F7285122B100C32976 /* ContentView.swift */ = {isa = PBXFileReference; lastKnownFileType = sourcecode.swift; path = ContentView.swift; sourceTree = "<group>"; };
		7AD338F9285122B200C32976 /* Assets.xcassets */ = {isa = PBXFileReference; lastKnownFileType = folder.assetcatalog; path = Assets.xcassets; sourceTree = "<group>"; };
		7AD338FC285122B200C32976 /* Preview Assets.xcassets */ = {isa = PBXFileReference; lastKnownFileType = folder.assetcatalog; path = "Preview Assets.xcassets"; sourceTree = "<group>"; };
		7AD33902285122B300C32976 /* Volunteer Sign-UpTests.xctest */ = {isa = PBXFileReference; explicitFileType = wrapper.cfbundle; includeInIndex = 0; path = "Volunteer Sign-UpTests.xctest"; sourceTree = BUILT_PRODUCTS_DIR; };
		7AD33906285122B300C32976 /* Volunteer_Sign_UpTests.swift */ = {isa = PBXFileReference; lastKnownFileType = sourcecode.swift; path = Volunteer_Sign_UpTests.swift; sourceTree = "<group>"; };
		7AD3390C285122B300C32976 /* Volunteer Sign-UpUITests.xctest */ = {isa = PBXFileReference; explicitFileType = wrapper.cfbundle; includeInIndex = 0; path = "Volunteer Sign-UpUITests.xctest"; sourceTree = BUILT_PRODUCTS_DIR; };
		7AD33910285122B300C32976 /* Volunteer_Sign_UpUITests.swift */ = {isa = PBXFileReference; lastKnownFileType = sourcecode.swift; path = Volunteer_Sign_UpUITests.swift; sourceTree = "<group>"; };
		7AD33912285122B300C32976 /* Volunteer_Sign_UpUITestsLaunchTests.swift */ = {isa = PBXFileReference; lastKnownFileType = sourcecode.swift; path = Volunteer_Sign_UpUITestsLaunchTests.swift; sourceTree = "<group>"; };
		7AD3532D2857EDEC00285730 /* ListEvents.swift */ = {isa = PBXFileReference; lastKnownFileType = sourcecode.swift; path = ListEvents.swift; sourceTree = "<group>"; };
		7AD3532F2857F87600285730 /* HomeView.swift */ = {isa = PBXFileReference; lastKnownFileType = sourcecode.swift; path = HomeView.swift; sourceTree = "<group>"; };
		7AD844E42855649F0024867B /* CreateAccountView.swift */ = {isa = PBXFileReference; lastKnownFileType = sourcecode.swift; path = CreateAccountView.swift; sourceTree = "<group>"; };
		7AFE8196285ACFE900CD24FE /* MyAccountClass.swift */ = {isa = PBXFileReference; lastKnownFileType = sourcecode.swift; path = MyAccountClass.swift; sourceTree = "<group>"; };
/* End PBXFileReference section */

/* Begin PBXFrameworksBuildPhase section */
		7AD338EF285122B100C32976 /* Frameworks */ = {
			isa = PBXFrameworksBuildPhase;
			buildActionMask = 2147483647;
			files = (
			);
			runOnlyForDeploymentPostprocessing = 0;
		};
		7AD338FF285122B300C32976 /* Frameworks */ = {
			isa = PBXFrameworksBuildPhase;
			buildActionMask = 2147483647;
			files = (
			);
			runOnlyForDeploymentPostprocessing = 0;
		};
		7AD33909285122B300C32976 /* Frameworks */ = {
			isa = PBXFrameworksBuildPhase;
			buildActionMask = 2147483647;
			files = (
			);
			runOnlyForDeploymentPostprocessing = 0;
		};
/* End PBXFrameworksBuildPhase section */

/* Begin PBXGroup section */
		7AD338E9285122B100C32976 = {
			isa = PBXGroup;
			children = (
				7A0F9BAD2851299800D1C170 /* .gitattributes */,
				7A0F9BAB2851294F00D1C170 /* .gitignore */,
				7AD338F4285122B100C32976 /* Volunteer Sign-Up */,
				7AD33905285122B300C32976 /* Volunteer Sign-UpTests */,
				7AD3390F285122B300C32976 /* Volunteer Sign-UpUITests */,
				7AD338F3285122B100C32976 /* Products */,
			);
			sourceTree = "<group>";
		};
		7AD338F3285122B100C32976 /* Products */ = {
			isa = PBXGroup;
			children = (
				7AD338F2285122B100C32976 /* Volunteer Sign-Up.app */,
				7AD33902285122B300C32976 /* Volunteer Sign-UpTests.xctest */,
				7AD3390C285122B300C32976 /* Volunteer Sign-UpUITests.xctest */,
			);
			name = Products;
			sourceTree = "<group>";
		};
		7AD338F4285122B100C32976 /* Volunteer Sign-Up */ = {
			isa = PBXGroup;
			children = (
				7AD338F5285122B100C32976 /* Volunteer_Sign_UpApp.swift */,
				7A1F56D02857EB1A00033FCC /* AccountInfoClass.swift */,
				7AD844E42855649F0024867B /* CreateAccountView.swift */,
				7AD338F7285122B100C32976 /* ContentView.swift */,
				7A1F56D228582E0900033FCC /* ListEventsClass.swift */,
				2AEF3D5328557293008E68DB /* ClassProtocols.swift */,
				7AFE8196285ACFE900CD24FE /* MyAccountClass.swift */,
				2A9CE04C285ACC1800C77FAB /* EventSearchView.swift */,
				2A9CE04A285ACBEA00C77FAB /* EventSearch.swift */,
				7A1F56D62858304400033FCC /* EventInfo.swift */,
				2AADCEB528585CA600469E6F /* UserInfo.swift */,
				7AD338F9285122B200C32976 /* Assets.xcassets */,
				7AD338FB285122B200C32976 /* Preview Content */,
				7A6955F3285746F900B62BED /* ListEventsView.swift */,
				7A6955F5285747F900B62BED /* VolunteerMenuView.swift */,
				7AD3532D2857EDEC00285730 /* ListEvents.swift */,
				7AD3532F2857F87600285730 /* HomeView.swift */,
			);
			path = "Volunteer Sign-Up";
			sourceTree = "<group>";
		};
		7AD338FB285122B200C32976 /* Preview Content */ = {
			isa = PBXGroup;
			children = (
				7AD338FC285122B200C32976 /* Preview Assets.xcassets */,
			);
			path = "Preview Content";
			sourceTree = "<group>";
		};
		7AD33905285122B300C32976 /* Volunteer Sign-UpTests */ = {
			isa = PBXGroup;
			children = (
				7AD33906285122B300C32976 /* Volunteer_Sign_UpTests.swift */,
			);
			path = "Volunteer Sign-UpTests";
			sourceTree = "<group>";
		};
		7AD3390F285122B300C32976 /* Volunteer Sign-UpUITests */ = {
			isa = PBXGroup;
			children = (
				7AD33910285122B300C32976 /* Volunteer_Sign_UpUITests.swift */,
				7AD33912285122B300C32976 /* Volunteer_Sign_UpUITestsLaunchTests.swift */,
			);
			path = "Volunteer Sign-UpUITests";
			sourceTree = "<group>";
		};
/* End PBXGroup section */

/* Begin PBXNativeTarget section */
		7AD338F1285122B100C32976 /* Volunteer Sign-Up */ = {
			isa = PBXNativeTarget;
			buildConfigurationList = 7AD33916285122B300C32976 /* Build configuration list for PBXNativeTarget "Volunteer Sign-Up" */;
			buildPhases = (
				7AD338EE285122B100C32976 /* Sources */,
				7AD338EF285122B100C32976 /* Frameworks */,
				7AD338F0285122B100C32976 /* Resources */,
			);
			buildRules = (
			);
			dependencies = (
			);
			name = "Volunteer Sign-Up";
			productName = "Volunteer Sign-Up";
			productReference = 7AD338F2285122B100C32976 /* Volunteer Sign-Up.app */;
			productType = "com.apple.product-type.application";
		};
		7AD33901285122B300C32976 /* Volunteer Sign-UpTests */ = {
			isa = PBXNativeTarget;
			buildConfigurationList = 7AD33919285122B300C32976 /* Build configuration list for PBXNativeTarget "Volunteer Sign-UpTests" */;
			buildPhases = (
				7AD338FE285122B300C32976 /* Sources */,
				7AD338FF285122B300C32976 /* Frameworks */,
				7AD33900285122B300C32976 /* Resources */,
			);
			buildRules = (
			);
			dependencies = (
				7AD33904285122B300C32976 /* PBXTargetDependency */,
			);
			name = "Volunteer Sign-UpTests";
			productName = "Volunteer Sign-UpTests";
			productReference = 7AD33902285122B300C32976 /* Volunteer Sign-UpTests.xctest */;
			productType = "com.apple.product-type.bundle.unit-test";
		};
		7AD3390B285122B300C32976 /* Volunteer Sign-UpUITests */ = {
			isa = PBXNativeTarget;
			buildConfigurationList = 7AD3391C285122B300C32976 /* Build configuration list for PBXNativeTarget "Volunteer Sign-UpUITests" */;
			buildPhases = (
				7AD33908285122B300C32976 /* Sources */,
				7AD33909285122B300C32976 /* Frameworks */,
				7AD3390A285122B300C32976 /* Resources */,
			);
			buildRules = (
			);
			dependencies = (
				7AD3390E285122B300C32976 /* PBXTargetDependency */,
			);
			name = "Volunteer Sign-UpUITests";
			productName = "Volunteer Sign-UpUITests";
			productReference = 7AD3390C285122B300C32976 /* Volunteer Sign-UpUITests.xctest */;
			productType = "com.apple.product-type.bundle.ui-testing";
		};
/* End PBXNativeTarget section */

/* Begin PBXProject section */
		7AD338EA285122B100C32976 /* Project object */ = {
			isa = PBXProject;
			attributes = {
				BuildIndependentTargetsInParallel = 1;
				LastSwiftUpdateCheck = 1340;
				LastUpgradeCheck = 1340;
				TargetAttributes = {
					7AD338F1285122B100C32976 = {
						CreatedOnToolsVersion = 13.4;
					};
					7AD33901285122B300C32976 = {
						CreatedOnToolsVersion = 13.4;
						TestTargetID = 7AD338F1285122B100C32976;
					};
					7AD3390B285122B300C32976 = {
						CreatedOnToolsVersion = 13.4;
						TestTargetID = 7AD338F1285122B100C32976;
					};
				};
			};
			buildConfigurationList = 7AD338ED285122B100C32976 /* Build configuration list for PBXProject "Volunteer Sign-Up" */;
			compatibilityVersion = "Xcode 13.0";
			developmentRegion = en;
			hasScannedForEncodings = 0;
			knownRegions = (
				en,
				Base,
			);
			mainGroup = 7AD338E9285122B100C32976;
			productRefGroup = 7AD338F3285122B100C32976 /* Products */;
			projectDirPath = "";
			projectRoot = "";
			targets = (
				7AD338F1285122B100C32976 /* Volunteer Sign-Up */,
				7AD33901285122B300C32976 /* Volunteer Sign-UpTests */,
				7AD3390B285122B300C32976 /* Volunteer Sign-UpUITests */,
			);
		};
/* End PBXProject section */

/* Begin PBXResourcesBuildPhase section */
		7AD338F0285122B100C32976 /* Resources */ = {
			isa = PBXResourcesBuildPhase;
			buildActionMask = 2147483647;
			files = (
				7AD338FD285122B200C32976 /* Preview Assets.xcassets in Resources */,
				7A0F9BAC2851294F00D1C170 /* .gitignore in Resources */,
				7AD338FA285122B200C32976 /* Assets.xcassets in Resources */,
				7A0F9BAE2851299800D1C170 /* .gitattributes in Resources */,
			);
			runOnlyForDeploymentPostprocessing = 0;
		};
		7AD33900285122B300C32976 /* Resources */ = {
			isa = PBXResourcesBuildPhase;
			buildActionMask = 2147483647;
			files = (
			);
			runOnlyForDeploymentPostprocessing = 0;
		};
		7AD3390A285122B300C32976 /* Resources */ = {
			isa = PBXResourcesBuildPhase;
			buildActionMask = 2147483647;
			files = (
			);
			runOnlyForDeploymentPostprocessing = 0;
		};
/* End PBXResourcesBuildPhase section */

/* Begin PBXSourcesBuildPhase section */
		7AD338EE285122B100C32976 /* Sources */ = {
			isa = PBXSourcesBuildPhase;
			buildActionMask = 2147483647;
			files = (
				2AEF3D52285571EF008E68DB /* EventInfo.swift in Sources */,
				7A6955F4285746F900B62BED /* ListEventsView.swift in Sources */,
				7AD338F8285122B100C32976 /* ContentView.swift in Sources */,
				7A6955F6285747F900B62BED /* VolunteerMenuView.swift in Sources */,
				2AEF3D5428557293008E68DB /* ClassProtocols.swift in Sources */,
				7AD353302857F87600285730 /* HomeView.swift in Sources */,
				7AD338F6285122B100C32976 /* Volunteer_Sign_UpApp.swift in Sources */,
				7AD3532E2857EDEC00285730 /* ListEvents.swift in Sources */,
				7AD844E52855649F0024867B /* CreateAccountView.swift in Sources */,
				7A1F56D72858304400033FCC /* EventInfo.swift in Sources */,
				7A1F56D12857EB1A00033FCC /* AccountInfoClass.swift in Sources */,
				7AD338F8285122B100C32976 /* ContentView.swift in Sources */,
				7A1F56D328582E0900033FCC /* ListEventsClass.swift in Sources */,
				2AEF3D5428557293008E68DB /* ClassProtocols.swift in Sources */,
				2AADCEB628585CA600469E6F /* UserInfo.swift in Sources */,
				7AFE8197285ACFE900CD24FE /* MyAccountClass.swift in Sources */,
				2A9CE04D285ACC1800C77FAB /* EventSearchView.swift in Sources */,
				7AD338F6285122B100C32976 /* Volunteer_Sign_UpApp.swift in Sources */,
				2A9CE04B285ACBEA00C77FAB /* EventSearch.swift in Sources */,
			);
			runOnlyForDeploymentPostprocessing = 0;
		};
		7AD338FE285122B300C32976 /* Sources */ = {
			isa = PBXSourcesBuildPhase;
			buildActionMask = 2147483647;
			files = (
				7AD33907285122B300C32976 /* Volunteer_Sign_UpTests.swift in Sources */,
			);
			runOnlyForDeploymentPostprocessing = 0;
		};
		7AD33908285122B300C32976 /* Sources */ = {
			isa = PBXSourcesBuildPhase;
			buildActionMask = 2147483647;
			files = (
				7AD33911285122B300C32976 /* Volunteer_Sign_UpUITests.swift in Sources */,
				7AD33913285122B300C32976 /* Volunteer_Sign_UpUITestsLaunchTests.swift in Sources */,
			);
			runOnlyForDeploymentPostprocessing = 0;
		};
/* End PBXSourcesBuildPhase section */

/* Begin PBXTargetDependency section */
		7AD33904285122B300C32976 /* PBXTargetDependency */ = {
			isa = PBXTargetDependency;
			target = 7AD338F1285122B100C32976 /* Volunteer Sign-Up */;
			targetProxy = 7AD33903285122B300C32976 /* PBXContainerItemProxy */;
		};
		7AD3390E285122B300C32976 /* PBXTargetDependency */ = {
			isa = PBXTargetDependency;
			target = 7AD338F1285122B100C32976 /* Volunteer Sign-Up */;
			targetProxy = 7AD3390D285122B300C32976 /* PBXContainerItemProxy */;
		};
/* End PBXTargetDependency section */

/* Begin XCBuildConfiguration section */
		7AD33914285122B300C32976 /* Debug */ = {
			isa = XCBuildConfiguration;
			buildSettings = {
				ALWAYS_SEARCH_USER_PATHS = NO;
				CLANG_ANALYZER_NONNULL = YES;
				CLANG_ANALYZER_NUMBER_OBJECT_CONVERSION = YES_AGGRESSIVE;
				CLANG_CXX_LANGUAGE_STANDARD = "gnu++17";
				CLANG_ENABLE_MODULES = YES;
				CLANG_ENABLE_OBJC_ARC = YES;
				CLANG_ENABLE_OBJC_WEAK = YES;
				CLANG_WARN_BLOCK_CAPTURE_AUTORELEASING = YES;
				CLANG_WARN_BOOL_CONVERSION = YES;
				CLANG_WARN_COMMA = YES;
				CLANG_WARN_CONSTANT_CONVERSION = YES;
				CLANG_WARN_DEPRECATED_OBJC_IMPLEMENTATIONS = YES;
				CLANG_WARN_DIRECT_OBJC_ISA_USAGE = YES_ERROR;
				CLANG_WARN_DOCUMENTATION_COMMENTS = YES;
				CLANG_WARN_EMPTY_BODY = YES;
				CLANG_WARN_ENUM_CONVERSION = YES;
				CLANG_WARN_INFINITE_RECURSION = YES;
				CLANG_WARN_INT_CONVERSION = YES;
				CLANG_WARN_NON_LITERAL_NULL_CONVERSION = YES;
				CLANG_WARN_OBJC_IMPLICIT_RETAIN_SELF = YES;
				CLANG_WARN_OBJC_LITERAL_CONVERSION = YES;
				CLANG_WARN_OBJC_ROOT_CLASS = YES_ERROR;
				CLANG_WARN_QUOTED_INCLUDE_IN_FRAMEWORK_HEADER = YES;
				CLANG_WARN_RANGE_LOOP_ANALYSIS = YES;
				CLANG_WARN_STRICT_PROTOTYPES = YES;
				CLANG_WARN_SUSPICIOUS_MOVE = YES;
				CLANG_WARN_UNGUARDED_AVAILABILITY = YES_AGGRESSIVE;
				CLANG_WARN_UNREACHABLE_CODE = YES;
				CLANG_WARN__DUPLICATE_METHOD_MATCH = YES;
				COPY_PHASE_STRIP = NO;
				DEBUG_INFORMATION_FORMAT = dwarf;
				ENABLE_STRICT_OBJC_MSGSEND = YES;
				ENABLE_TESTABILITY = YES;
				GCC_C_LANGUAGE_STANDARD = gnu11;
				GCC_DYNAMIC_NO_PIC = NO;
				GCC_NO_COMMON_BLOCKS = YES;
				GCC_OPTIMIZATION_LEVEL = 0;
				GCC_PREPROCESSOR_DEFINITIONS = (
					"DEBUG=1",
					"$(inherited)",
				);
				GCC_WARN_64_TO_32_BIT_CONVERSION = YES;
				GCC_WARN_ABOUT_RETURN_TYPE = YES_ERROR;
				GCC_WARN_UNDECLARED_SELECTOR = YES;
				GCC_WARN_UNINITIALIZED_AUTOS = YES_AGGRESSIVE;
				GCC_WARN_UNUSED_FUNCTION = YES;
				GCC_WARN_UNUSED_VARIABLE = YES;
				IPHONEOS_DEPLOYMENT_TARGET = 15.5;
				MTL_ENABLE_DEBUG_INFO = INCLUDE_SOURCE;
				MTL_FAST_MATH = YES;
				ONLY_ACTIVE_ARCH = YES;
				SDKROOT = iphoneos;
				SWIFT_ACTIVE_COMPILATION_CONDITIONS = DEBUG;
				SWIFT_OPTIMIZATION_LEVEL = "-Onone";
			};
			name = Debug;
		};
		7AD33915285122B300C32976 /* Release */ = {
			isa = XCBuildConfiguration;
			buildSettings = {
				ALWAYS_SEARCH_USER_PATHS = NO;
				CLANG_ANALYZER_NONNULL = YES;
				CLANG_ANALYZER_NUMBER_OBJECT_CONVERSION = YES_AGGRESSIVE;
				CLANG_CXX_LANGUAGE_STANDARD = "gnu++17";
				CLANG_ENABLE_MODULES = YES;
				CLANG_ENABLE_OBJC_ARC = YES;
				CLANG_ENABLE_OBJC_WEAK = YES;
				CLANG_WARN_BLOCK_CAPTURE_AUTORELEASING = YES;
				CLANG_WARN_BOOL_CONVERSION = YES;
				CLANG_WARN_COMMA = YES;
				CLANG_WARN_CONSTANT_CONVERSION = YES;
				CLANG_WARN_DEPRECATED_OBJC_IMPLEMENTATIONS = YES;
				CLANG_WARN_DIRECT_OBJC_ISA_USAGE = YES_ERROR;
				CLANG_WARN_DOCUMENTATION_COMMENTS = YES;
				CLANG_WARN_EMPTY_BODY = YES;
				CLANG_WARN_ENUM_CONVERSION = YES;
				CLANG_WARN_INFINITE_RECURSION = YES;
				CLANG_WARN_INT_CONVERSION = YES;
				CLANG_WARN_NON_LITERAL_NULL_CONVERSION = YES;
				CLANG_WARN_OBJC_IMPLICIT_RETAIN_SELF = YES;
				CLANG_WARN_OBJC_LITERAL_CONVERSION = YES;
				CLANG_WARN_OBJC_ROOT_CLASS = YES_ERROR;
				CLANG_WARN_QUOTED_INCLUDE_IN_FRAMEWORK_HEADER = YES;
				CLANG_WARN_RANGE_LOOP_ANALYSIS = YES;
				CLANG_WARN_STRICT_PROTOTYPES = YES;
				CLANG_WARN_SUSPICIOUS_MOVE = YES;
				CLANG_WARN_UNGUARDED_AVAILABILITY = YES_AGGRESSIVE;
				CLANG_WARN_UNREACHABLE_CODE = YES;
				CLANG_WARN__DUPLICATE_METHOD_MATCH = YES;
				COPY_PHASE_STRIP = NO;
				DEBUG_INFORMATION_FORMAT = "dwarf-with-dsym";
				ENABLE_NS_ASSERTIONS = NO;
				ENABLE_STRICT_OBJC_MSGSEND = YES;
				GCC_C_LANGUAGE_STANDARD = gnu11;
				GCC_NO_COMMON_BLOCKS = YES;
				GCC_WARN_64_TO_32_BIT_CONVERSION = YES;
				GCC_WARN_ABOUT_RETURN_TYPE = YES_ERROR;
				GCC_WARN_UNDECLARED_SELECTOR = YES;
				GCC_WARN_UNINITIALIZED_AUTOS = YES_AGGRESSIVE;
				GCC_WARN_UNUSED_FUNCTION = YES;
				GCC_WARN_UNUSED_VARIABLE = YES;
				IPHONEOS_DEPLOYMENT_TARGET = 15.5;
				MTL_ENABLE_DEBUG_INFO = NO;
				MTL_FAST_MATH = YES;
				SDKROOT = iphoneos;
				SWIFT_COMPILATION_MODE = wholemodule;
				SWIFT_OPTIMIZATION_LEVEL = "-O";
				VALIDATE_PRODUCT = YES;
			};
			name = Release;
		};
		7AD33917285122B300C32976 /* Debug */ = {
			isa = XCBuildConfiguration;
			buildSettings = {
				ASSETCATALOG_COMPILER_APPICON_NAME = AppIcon;
				ASSETCATALOG_COMPILER_GLOBAL_ACCENT_COLOR_NAME = AccentColor;
				CODE_SIGN_STYLE = Automatic;
				CURRENT_PROJECT_VERSION = 1;
				DEVELOPMENT_ASSET_PATHS = "\"Volunteer Sign-Up/Preview Content\"";
				DEVELOPMENT_TEAM = 85SY8839ZV;
				ENABLE_PREVIEWS = YES;
				GENERATE_INFOPLIST_FILE = YES;
				INFOPLIST_KEY_UIApplicationSceneManifest_Generation = YES;
				INFOPLIST_KEY_UIApplicationSupportsIndirectInputEvents = YES;
				INFOPLIST_KEY_UILaunchScreen_Generation = YES;
				INFOPLIST_KEY_UISupportedInterfaceOrientations_iPad = "UIInterfaceOrientationPortrait UIInterfaceOrientationPortraitUpsideDown UIInterfaceOrientationLandscapeLeft UIInterfaceOrientationLandscapeRight";
				INFOPLIST_KEY_UISupportedInterfaceOrientations_iPhone = "UIInterfaceOrientationPortrait UIInterfaceOrientationLandscapeLeft UIInterfaceOrientationLandscapeRight";
				LD_RUNPATH_SEARCH_PATHS = (
					"$(inherited)",
					"@executable_path/Frameworks",
				);
				MARKETING_VERSION = 1.0;
				PRODUCT_BUNDLE_IDENTIFIER = "volunteers.Volunteer-Sign-Up";
				PRODUCT_NAME = "$(TARGET_NAME)";
				SWIFT_EMIT_LOC_STRINGS = YES;
				SWIFT_VERSION = 5.0;
				TARGETED_DEVICE_FAMILY = "1,2";
			};
			name = Debug;
		};
		7AD33918285122B300C32976 /* Release */ = {
			isa = XCBuildConfiguration;
			buildSettings = {
				ASSETCATALOG_COMPILER_APPICON_NAME = AppIcon;
				ASSETCATALOG_COMPILER_GLOBAL_ACCENT_COLOR_NAME = AccentColor;
				CODE_SIGN_STYLE = Automatic;
				CURRENT_PROJECT_VERSION = 1;
				DEVELOPMENT_ASSET_PATHS = "\"Volunteer Sign-Up/Preview Content\"";
				DEVELOPMENT_TEAM = 85SY8839ZV;
				ENABLE_PREVIEWS = YES;
				GENERATE_INFOPLIST_FILE = YES;
				INFOPLIST_KEY_UIApplicationSceneManifest_Generation = YES;
				INFOPLIST_KEY_UIApplicationSupportsIndirectInputEvents = YES;
				INFOPLIST_KEY_UILaunchScreen_Generation = YES;
				INFOPLIST_KEY_UISupportedInterfaceOrientations_iPad = "UIInterfaceOrientationPortrait UIInterfaceOrientationPortraitUpsideDown UIInterfaceOrientationLandscapeLeft UIInterfaceOrientationLandscapeRight";
				INFOPLIST_KEY_UISupportedInterfaceOrientations_iPhone = "UIInterfaceOrientationPortrait UIInterfaceOrientationLandscapeLeft UIInterfaceOrientationLandscapeRight";
				LD_RUNPATH_SEARCH_PATHS = (
					"$(inherited)",
					"@executable_path/Frameworks",
				);
				MARKETING_VERSION = 1.0;
				PRODUCT_BUNDLE_IDENTIFIER = "volunteers.Volunteer-Sign-Up";
				PRODUCT_NAME = "$(TARGET_NAME)";
				SWIFT_EMIT_LOC_STRINGS = YES;
				SWIFT_VERSION = 5.0;
				TARGETED_DEVICE_FAMILY = "1,2";
			};
			name = Release;
		};
		7AD3391A285122B300C32976 /* Debug */ = {
			isa = XCBuildConfiguration;
			buildSettings = {
				ALWAYS_EMBED_SWIFT_STANDARD_LIBRARIES = YES;
				BUNDLE_LOADER = "$(TEST_HOST)";
				CODE_SIGN_STYLE = Automatic;
				CURRENT_PROJECT_VERSION = 1;
				GENERATE_INFOPLIST_FILE = YES;
				IPHONEOS_DEPLOYMENT_TARGET = 15.5;
				MARKETING_VERSION = 1.0;
				PRODUCT_BUNDLE_IDENTIFIER = "volunteers.Volunteer-Sign-UpTests";
				PRODUCT_NAME = "$(TARGET_NAME)";
				SWIFT_EMIT_LOC_STRINGS = NO;
				SWIFT_VERSION = 5.0;
				TARGETED_DEVICE_FAMILY = "1,2";
				TEST_HOST = "$(BUILT_PRODUCTS_DIR)/Volunteer Sign-Up.app/Volunteer Sign-Up";
			};
			name = Debug;
		};
		7AD3391B285122B300C32976 /* Release */ = {
			isa = XCBuildConfiguration;
			buildSettings = {
				ALWAYS_EMBED_SWIFT_STANDARD_LIBRARIES = YES;
				BUNDLE_LOADER = "$(TEST_HOST)";
				CODE_SIGN_STYLE = Automatic;
				CURRENT_PROJECT_VERSION = 1;
				GENERATE_INFOPLIST_FILE = YES;
				IPHONEOS_DEPLOYMENT_TARGET = 15.5;
				MARKETING_VERSION = 1.0;
				PRODUCT_BUNDLE_IDENTIFIER = "volunteers.Volunteer-Sign-UpTests";
				PRODUCT_NAME = "$(TARGET_NAME)";
				SWIFT_EMIT_LOC_STRINGS = NO;
				SWIFT_VERSION = 5.0;
				TARGETED_DEVICE_FAMILY = "1,2";
				TEST_HOST = "$(BUILT_PRODUCTS_DIR)/Volunteer Sign-Up.app/Volunteer Sign-Up";
			};
			name = Release;
		};
		7AD3391D285122B300C32976 /* Debug */ = {
			isa = XCBuildConfiguration;
			buildSettings = {
				ALWAYS_EMBED_SWIFT_STANDARD_LIBRARIES = YES;
				CODE_SIGN_STYLE = Automatic;
				CURRENT_PROJECT_VERSION = 1;
				GENERATE_INFOPLIST_FILE = YES;
				MARKETING_VERSION = 1.0;
				PRODUCT_BUNDLE_IDENTIFIER = "volunteers.Volunteer-Sign-UpUITests";
				PRODUCT_NAME = "$(TARGET_NAME)";
				SWIFT_EMIT_LOC_STRINGS = NO;
				SWIFT_VERSION = 5.0;
				TARGETED_DEVICE_FAMILY = "1,2";
				TEST_TARGET_NAME = "Volunteer Sign-Up";
			};
			name = Debug;
		};
		7AD3391E285122B300C32976 /* Release */ = {
			isa = XCBuildConfiguration;
			buildSettings = {
				ALWAYS_EMBED_SWIFT_STANDARD_LIBRARIES = YES;
				CODE_SIGN_STYLE = Automatic;
				CURRENT_PROJECT_VERSION = 1;
				GENERATE_INFOPLIST_FILE = YES;
				MARKETING_VERSION = 1.0;
				PRODUCT_BUNDLE_IDENTIFIER = "volunteers.Volunteer-Sign-UpUITests";
				PRODUCT_NAME = "$(TARGET_NAME)";
				SWIFT_EMIT_LOC_STRINGS = NO;
				SWIFT_VERSION = 5.0;
				TARGETED_DEVICE_FAMILY = "1,2";
				TEST_TARGET_NAME = "Volunteer Sign-Up";
			};
			name = Release;
		};
/* End XCBuildConfiguration section */

/* Begin XCConfigurationList section */
		7AD338ED285122B100C32976 /* Build configuration list for PBXProject "Volunteer Sign-Up" */ = {
			isa = XCConfigurationList;
			buildConfigurations = (
				7AD33914285122B300C32976 /* Debug */,
				7AD33915285122B300C32976 /* Release */,
			);
			defaultConfigurationIsVisible = 0;
			defaultConfigurationName = Release;
		};
		7AD33916285122B300C32976 /* Build configuration list for PBXNativeTarget "Volunteer Sign-Up" */ = {
			isa = XCConfigurationList;
			buildConfigurations = (
				7AD33917285122B300C32976 /* Debug */,
				7AD33918285122B300C32976 /* Release */,
			);
			defaultConfigurationIsVisible = 0;
			defaultConfigurationName = Release;
		};
		7AD33919285122B300C32976 /* Build configuration list for PBXNativeTarget "Volunteer Sign-UpTests" */ = {
			isa = XCConfigurationList;
			buildConfigurations = (
				7AD3391A285122B300C32976 /* Debug */,
				7AD3391B285122B300C32976 /* Release */,
			);
			defaultConfigurationIsVisible = 0;
			defaultConfigurationName = Release;
		};
		7AD3391C285122B300C32976 /* Build configuration list for PBXNativeTarget "Volunteer Sign-UpUITests" */ = {
			isa = XCConfigurationList;
			buildConfigurations = (
				7AD3391D285122B300C32976 /* Debug */,
				7AD3391E285122B300C32976 /* Release */,
			);
			defaultConfigurationIsVisible = 0;
			defaultConfigurationName = Release;
		};
/* End XCConfigurationList section */
	};
	rootObject = 7AD338EA285122B100C32976 /* Project object */;
}
